// !$*UTF8*$!
{
	archiveVersion = 1;
	classes = {
	};
	objectVersion = 46;
	objects = {

/* Begin PBXBuildFile section */
		6144D4431D5368AE00DAA9B7 /* AppDelegate.swift in Sources */ = {isa = PBXBuildFile; fileRef = 6144D4421D5368AE00DAA9B7 /* AppDelegate.swift */; };
		6144D44A1D5368AE00DAA9B7 /* Assets.xcassets in Resources */ = {isa = PBXBuildFile; fileRef = 6144D4491D5368AE00DAA9B7 /* Assets.xcassets */; };
		6144D4581D5368AE00DAA9B7 /* FlickrPartyTests.swift in Sources */ = {isa = PBXBuildFile; fileRef = 6144D4571D5368AE00DAA9B7 /* FlickrPartyTests.swift */; };
		6144D4631D5368AE00DAA9B7 /* FlickrPartyUITests.swift in Sources */ = {isa = PBXBuildFile; fileRef = 6144D4621D5368AE00DAA9B7 /* FlickrPartyUITests.swift */; };
		6144D4711D536B1900DAA9B7 /* MainViewController.swift in Sources */ = {isa = PBXBuildFile; fileRef = 6144D4701D536B1900DAA9B7 /* MainViewController.swift */; };
		6144D4741D536C6200DAA9B7 /* DetailViewController.swift in Sources */ = {isa = PBXBuildFile; fileRef = 6144D4731D536C6200DAA9B7 /* DetailViewController.swift */; };
		6144D47F1D537C5700DAA9B7 /* ModelController.swift in Sources */ = {isa = PBXBuildFile; fileRef = 6144D47E1D537C5700DAA9B7 /* ModelController.swift */; };
		6144D4821D537CA900DAA9B7 /* ImageDetail.swift in Sources */ = {isa = PBXBuildFile; fileRef = 6144D4811D537CA900DAA9B7 /* ImageDetail.swift */; };
		6144D4851D5384ED00DAA9B7 /* FlickrAPIService.swift in Sources */ = {isa = PBXBuildFile; fileRef = 6144D4841D5384ED00DAA9B7 /* FlickrAPIService.swift */; };
		6144D4891D53B8C500DAA9B7 /* ThumbnailCollectionViewCell.swift in Sources */ = {isa = PBXBuildFile; fileRef = 6144D4881D53B8C500DAA9B7 /* ThumbnailCollectionViewCell.swift */; };
		6144D4901D59E97500DAA9B7 /* Default-568h@2x.png in Resources */ = {isa = PBXBuildFile; fileRef = 6144D48F1D59E97500DAA9B7 /* Default-568h@2x.png */; };
		6144D4921D59ED3300DAA9B7 /* LoadMoreCollectionViewCell.swift in Sources */ = {isa = PBXBuildFile; fileRef = 6144D4911D59ED3300DAA9B7 /* LoadMoreCollectionViewCell.swift */; };
		6144D4B51D5A0DB300DAA9B7 /* MKAnnotationView+WebCache.m in Sources */ = {isa = PBXBuildFile; fileRef = 6144D4951D5A0DB300DAA9B7 /* MKAnnotationView+WebCache.m */; };
		6144D4B61D5A0DB300DAA9B7 /* NSData+ImageContentType.m in Sources */ = {isa = PBXBuildFile; fileRef = 6144D4971D5A0DB300DAA9B7 /* NSData+ImageContentType.m */; };
		6144D4B71D5A0DB300DAA9B7 /* SDImageCache.m in Sources */ = {isa = PBXBuildFile; fileRef = 6144D4991D5A0DB300DAA9B7 /* SDImageCache.m */; };
		6144D4B81D5A0DB300DAA9B7 /* SDWebImageCompat.m in Sources */ = {isa = PBXBuildFile; fileRef = 6144D49B1D5A0DB300DAA9B7 /* SDWebImageCompat.m */; };
		6144D4B91D5A0DB300DAA9B7 /* SDWebImageDecoder.m in Sources */ = {isa = PBXBuildFile; fileRef = 6144D49D1D5A0DB300DAA9B7 /* SDWebImageDecoder.m */; };
		6144D4BA1D5A0DB300DAA9B7 /* SDWebImageDownloader.m in Sources */ = {isa = PBXBuildFile; fileRef = 6144D49F1D5A0DB300DAA9B7 /* SDWebImageDownloader.m */; };
		6144D4BB1D5A0DB300DAA9B7 /* SDWebImageDownloaderOperation.m in Sources */ = {isa = PBXBuildFile; fileRef = 6144D4A11D5A0DB300DAA9B7 /* SDWebImageDownloaderOperation.m */; };
		6144D4BC1D5A0DB300DAA9B7 /* SDWebImageManager.m in Sources */ = {isa = PBXBuildFile; fileRef = 6144D4A31D5A0DB300DAA9B7 /* SDWebImageManager.m */; };
		6144D4BD1D5A0DB300DAA9B7 /* SDWebImagePrefetcher.m in Sources */ = {isa = PBXBuildFile; fileRef = 6144D4A61D5A0DB300DAA9B7 /* SDWebImagePrefetcher.m */; };
		6144D4BE1D5A0DB300DAA9B7 /* UIButton+WebCache.m in Sources */ = {isa = PBXBuildFile; fileRef = 6144D4A81D5A0DB300DAA9B7 /* UIButton+WebCache.m */; };
		6144D4BF1D5A0DB300DAA9B7 /* UIImage+GIF.m in Sources */ = {isa = PBXBuildFile; fileRef = 6144D4AA1D5A0DB300DAA9B7 /* UIImage+GIF.m */; };
		6144D4C01D5A0DB300DAA9B7 /* UIImage+MultiFormat.m in Sources */ = {isa = PBXBuildFile; fileRef = 6144D4AC1D5A0DB300DAA9B7 /* UIImage+MultiFormat.m */; };
		6144D4C11D5A0DB300DAA9B7 /* UIImage+WebP.m in Sources */ = {isa = PBXBuildFile; fileRef = 6144D4AE1D5A0DB300DAA9B7 /* UIImage+WebP.m */; };
		6144D4C21D5A0DB300DAA9B7 /* UIImageView+HighlightedWebCache.m in Sources */ = {isa = PBXBuildFile; fileRef = 6144D4B01D5A0DB300DAA9B7 /* UIImageView+HighlightedWebCache.m */; };
		6144D4C31D5A0DB300DAA9B7 /* UIImageView+WebCache.m in Sources */ = {isa = PBXBuildFile; fileRef = 6144D4B21D5A0DB300DAA9B7 /* UIImageView+WebCache.m */; };
		6144D4C41D5A0DB300DAA9B7 /* UIView+WebCacheOperation.m in Sources */ = {isa = PBXBuildFile; fileRef = 6144D4B41D5A0DB300DAA9B7 /* UIView+WebCacheOperation.m */; };
		6144D4C71D5A17AD00DAA9B7 /* SystemConfiguration.framework in Frameworks */ = {isa = PBXBuildFile; fileRef = 6144D4C61D5A17AD00DAA9B7 /* SystemConfiguration.framework */; };
		6144D4C91D5A1A2D00DAA9B7 /* ModelError.swift in Sources */ = {isa = PBXBuildFile; fileRef = 6144D4C81D5A1A2D00DAA9B7 /* ModelError.swift */; };
		6144D4CB1D5A284100DAA9B7 /* RefreshCollectionViewCell.swift in Sources */ = {isa = PBXBuildFile; fileRef = 6144D4CA1D5A284100DAA9B7 /* RefreshCollectionViewCell.swift */; };
/* End PBXBuildFile section */

/* Begin PBXContainerItemProxy section */
		6144D4541D5368AE00DAA9B7 /* PBXContainerItemProxy */ = {
			isa = PBXContainerItemProxy;
			containerPortal = 6144D4371D5368AE00DAA9B7 /* Project object */;
			proxyType = 1;
			remoteGlobalIDString = 6144D43E1D5368AE00DAA9B7;
			remoteInfo = FlickrParty;
		};
		6144D45F1D5368AE00DAA9B7 /* PBXContainerItemProxy */ = {
			isa = PBXContainerItemProxy;
			containerPortal = 6144D4371D5368AE00DAA9B7 /* Project object */;
			proxyType = 1;
			remoteGlobalIDString = 6144D43E1D5368AE00DAA9B7;
			remoteInfo = FlickrParty;
		};
/* End PBXContainerItemProxy section */

/* Begin PBXFileReference section */
		6144D43F1D5368AE00DAA9B7 /* FlickrParty.app */ = {isa = PBXFileReference; explicitFileType = wrapper.application; includeInIndex = 0; path = FlickrParty.app; sourceTree = BUILT_PRODUCTS_DIR; };
		6144D4421D5368AE00DAA9B7 /* AppDelegate.swift */ = {isa = PBXFileReference; lastKnownFileType = sourcecode.swift; path = AppDelegate.swift; sourceTree = "<group>"; };
		6144D4491D5368AE00DAA9B7 /* Assets.xcassets */ = {isa = PBXFileReference; lastKnownFileType = folder.assetcatalog; path = Assets.xcassets; sourceTree = "<group>"; };
		6144D44E1D5368AE00DAA9B7 /* Info.plist */ = {isa = PBXFileReference; lastKnownFileType = text.plist.xml; path = Info.plist; sourceTree = "<group>"; };
		6144D4531D5368AE00DAA9B7 /* FlickrPartyTests.xctest */ = {isa = PBXFileReference; explicitFileType = wrapper.cfbundle; includeInIndex = 0; path = FlickrPartyTests.xctest; sourceTree = BUILT_PRODUCTS_DIR; };
		6144D4571D5368AE00DAA9B7 /* FlickrPartyTests.swift */ = {isa = PBXFileReference; lastKnownFileType = sourcecode.swift; path = FlickrPartyTests.swift; sourceTree = "<group>"; };
		6144D4591D5368AE00DAA9B7 /* Info.plist */ = {isa = PBXFileReference; lastKnownFileType = text.plist.xml; path = Info.plist; sourceTree = "<group>"; };
		6144D45E1D5368AE00DAA9B7 /* FlickrPartyUITests.xctest */ = {isa = PBXFileReference; explicitFileType = wrapper.cfbundle; includeInIndex = 0; path = FlickrPartyUITests.xctest; sourceTree = BUILT_PRODUCTS_DIR; };
		6144D4621D5368AE00DAA9B7 /* FlickrPartyUITests.swift */ = {isa = PBXFileReference; lastKnownFileType = sourcecode.swift; path = FlickrPartyUITests.swift; sourceTree = "<group>"; };
		6144D4641D5368AE00DAA9B7 /* Info.plist */ = {isa = PBXFileReference; lastKnownFileType = text.plist.xml; path = Info.plist; sourceTree = "<group>"; };
		6144D4701D536B1900DAA9B7 /* MainViewController.swift */ = {isa = PBXFileReference; fileEncoding = 4; lastKnownFileType = sourcecode.swift; path = MainViewController.swift; sourceTree = "<group>"; };
		6144D4731D536C6200DAA9B7 /* DetailViewController.swift */ = {isa = PBXFileReference; fileEncoding = 4; lastKnownFileType = sourcecode.swift; path = DetailViewController.swift; sourceTree = "<group>"; };
		6144D47E1D537C5700DAA9B7 /* ModelController.swift */ = {isa = PBXFileReference; fileEncoding = 4; lastKnownFileType = sourcecode.swift; path = ModelController.swift; sourceTree = "<group>"; };
		6144D4811D537CA900DAA9B7 /* ImageDetail.swift */ = {isa = PBXFileReference; fileEncoding = 4; lastKnownFileType = sourcecode.swift; path = ImageDetail.swift; sourceTree = "<group>"; };
		6144D4841D5384ED00DAA9B7 /* FlickrAPIService.swift */ = {isa = PBXFileReference; fileEncoding = 4; lastKnownFileType = sourcecode.swift; path = FlickrAPIService.swift; sourceTree = "<group>"; };
		6144D4881D53B8C500DAA9B7 /* ThumbnailCollectionViewCell.swift */ = {isa = PBXFileReference; fileEncoding = 4; lastKnownFileType = sourcecode.swift; path = ThumbnailCollectionViewCell.swift; sourceTree = "<group>"; };
		6144D48F1D59E97500DAA9B7 /* Default-568h@2x.png */ = {isa = PBXFileReference; lastKnownFileType = image.png; path = "Default-568h@2x.png"; sourceTree = "<group>"; };
		6144D4911D59ED3300DAA9B7 /* LoadMoreCollectionViewCell.swift */ = {isa = PBXFileReference; fileEncoding = 4; lastKnownFileType = sourcecode.swift; path = LoadMoreCollectionViewCell.swift; sourceTree = "<group>"; };
		6144D4941D5A0DB300DAA9B7 /* MKAnnotationView+WebCache.h */ = {isa = PBXFileReference; fileEncoding = 4; lastKnownFileType = sourcecode.c.h; path = "MKAnnotationView+WebCache.h"; sourceTree = "<group>"; };
		6144D4951D5A0DB300DAA9B7 /* MKAnnotationView+WebCache.m */ = {isa = PBXFileReference; fileEncoding = 4; lastKnownFileType = sourcecode.c.objc; path = "MKAnnotationView+WebCache.m"; sourceTree = "<group>"; };
		6144D4961D5A0DB300DAA9B7 /* NSData+ImageContentType.h */ = {isa = PBXFileReference; fileEncoding = 4; lastKnownFileType = sourcecode.c.h; path = "NSData+ImageContentType.h"; sourceTree = "<group>"; };
		6144D4971D5A0DB300DAA9B7 /* NSData+ImageContentType.m */ = {isa = PBXFileReference; fileEncoding = 4; lastKnownFileType = sourcecode.c.objc; path = "NSData+ImageContentType.m"; sourceTree = "<group>"; };
		6144D4981D5A0DB300DAA9B7 /* SDImageCache.h */ = {isa = PBXFileReference; fileEncoding = 4; lastKnownFileType = sourcecode.c.h; path = SDImageCache.h; sourceTree = "<group>"; };
		6144D4991D5A0DB300DAA9B7 /* SDImageCache.m */ = {isa = PBXFileReference; fileEncoding = 4; lastKnownFileType = sourcecode.c.objc; path = SDImageCache.m; sourceTree = "<group>"; };
		6144D49A1D5A0DB300DAA9B7 /* SDWebImageCompat.h */ = {isa = PBXFileReference; fileEncoding = 4; lastKnownFileType = sourcecode.c.h; path = SDWebImageCompat.h; sourceTree = "<group>"; };
		6144D49B1D5A0DB300DAA9B7 /* SDWebImageCompat.m */ = {isa = PBXFileReference; fileEncoding = 4; lastKnownFileType = sourcecode.c.objc; path = SDWebImageCompat.m; sourceTree = "<group>"; };
		6144D49C1D5A0DB300DAA9B7 /* SDWebImageDecoder.h */ = {isa = PBXFileReference; fileEncoding = 4; lastKnownFileType = sourcecode.c.h; path = SDWebImageDecoder.h; sourceTree = "<group>"; };
		6144D49D1D5A0DB300DAA9B7 /* SDWebImageDecoder.m */ = {isa = PBXFileReference; fileEncoding = 4; lastKnownFileType = sourcecode.c.objc; path = SDWebImageDecoder.m; sourceTree = "<group>"; };
		6144D49E1D5A0DB300DAA9B7 /* SDWebImageDownloader.h */ = {isa = PBXFileReference; fileEncoding = 4; lastKnownFileType = sourcecode.c.h; path = SDWebImageDownloader.h; sourceTree = "<group>"; };
		6144D49F1D5A0DB300DAA9B7 /* SDWebImageDownloader.m */ = {isa = PBXFileReference; fileEncoding = 4; lastKnownFileType = sourcecode.c.objc; path = SDWebImageDownloader.m; sourceTree = "<group>"; };
		6144D4A01D5A0DB300DAA9B7 /* SDWebImageDownloaderOperation.h */ = {isa = PBXFileReference; fileEncoding = 4; lastKnownFileType = sourcecode.c.h; path = SDWebImageDownloaderOperation.h; sourceTree = "<group>"; };
		6144D4A11D5A0DB300DAA9B7 /* SDWebImageDownloaderOperation.m */ = {isa = PBXFileReference; fileEncoding = 4; lastKnownFileType = sourcecode.c.objc; path = SDWebImageDownloaderOperation.m; sourceTree = "<group>"; };
		6144D4A21D5A0DB300DAA9B7 /* SDWebImageManager.h */ = {isa = PBXFileReference; fileEncoding = 4; lastKnownFileType = sourcecode.c.h; path = SDWebImageManager.h; sourceTree = "<group>"; };
		6144D4A31D5A0DB300DAA9B7 /* SDWebImageManager.m */ = {isa = PBXFileReference; fileEncoding = 4; lastKnownFileType = sourcecode.c.objc; path = SDWebImageManager.m; sourceTree = "<group>"; };
		6144D4A41D5A0DB300DAA9B7 /* SDWebImageOperation.h */ = {isa = PBXFileReference; fileEncoding = 4; lastKnownFileType = sourcecode.c.h; path = SDWebImageOperation.h; sourceTree = "<group>"; };
		6144D4A51D5A0DB300DAA9B7 /* SDWebImagePrefetcher.h */ = {isa = PBXFileReference; fileEncoding = 4; lastKnownFileType = sourcecode.c.h; path = SDWebImagePrefetcher.h; sourceTree = "<group>"; };
		6144D4A61D5A0DB300DAA9B7 /* SDWebImagePrefetcher.m */ = {isa = PBXFileReference; fileEncoding = 4; lastKnownFileType = sourcecode.c.objc; path = SDWebImagePrefetcher.m; sourceTree = "<group>"; };
		6144D4A71D5A0DB300DAA9B7 /* UIButton+WebCache.h */ = {isa = PBXFileReference; fileEncoding = 4; lastKnownFileType = sourcecode.c.h; path = "UIButton+WebCache.h"; sourceTree = "<group>"; };
		6144D4A81D5A0DB300DAA9B7 /* UIButton+WebCache.m */ = {isa = PBXFileReference; fileEncoding = 4; lastKnownFileType = sourcecode.c.objc; path = "UIButton+WebCache.m"; sourceTree = "<group>"; };
		6144D4A91D5A0DB300DAA9B7 /* UIImage+GIF.h */ = {isa = PBXFileReference; fileEncoding = 4; lastKnownFileType = sourcecode.c.h; path = "UIImage+GIF.h"; sourceTree = "<group>"; };
		6144D4AA1D5A0DB300DAA9B7 /* UIImage+GIF.m */ = {isa = PBXFileReference; fileEncoding = 4; lastKnownFileType = sourcecode.c.objc; path = "UIImage+GIF.m"; sourceTree = "<group>"; };
		6144D4AB1D5A0DB300DAA9B7 /* UIImage+MultiFormat.h */ = {isa = PBXFileReference; fileEncoding = 4; lastKnownFileType = sourcecode.c.h; path = "UIImage+MultiFormat.h"; sourceTree = "<group>"; };
		6144D4AC1D5A0DB300DAA9B7 /* UIImage+MultiFormat.m */ = {isa = PBXFileReference; fileEncoding = 4; lastKnownFileType = sourcecode.c.objc; path = "UIImage+MultiFormat.m"; sourceTree = "<group>"; };
		6144D4AD1D5A0DB300DAA9B7 /* UIImage+WebP.h */ = {isa = PBXFileReference; fileEncoding = 4; lastKnownFileType = sourcecode.c.h; path = "UIImage+WebP.h"; sourceTree = "<group>"; };
		6144D4AE1D5A0DB300DAA9B7 /* UIImage+WebP.m */ = {isa = PBXFileReference; fileEncoding = 4; lastKnownFileType = sourcecode.c.objc; path = "UIImage+WebP.m"; sourceTree = "<group>"; };
		6144D4AF1D5A0DB300DAA9B7 /* UIImageView+HighlightedWebCache.h */ = {isa = PBXFileReference; fileEncoding = 4; lastKnownFileType = sourcecode.c.h; path = "UIImageView+HighlightedWebCache.h"; sourceTree = "<group>"; };
		6144D4B01D5A0DB300DAA9B7 /* UIImageView+HighlightedWebCache.m */ = {isa = PBXFileReference; fileEncoding = 4; lastKnownFileType = sourcecode.c.objc; path = "UIImageView+HighlightedWebCache.m"; sourceTree = "<group>"; };
		6144D4B11D5A0DB300DAA9B7 /* UIImageView+WebCache.h */ = {isa = PBXFileReference; fileEncoding = 4; lastKnownFileType = sourcecode.c.h; path = "UIImageView+WebCache.h"; sourceTree = "<group>"; };
		6144D4B21D5A0DB300DAA9B7 /* UIImageView+WebCache.m */ = {isa = PBXFileReference; fileEncoding = 4; lastKnownFileType = sourcecode.c.objc; path = "UIImageView+WebCache.m"; sourceTree = "<group>"; };
		6144D4B31D5A0DB300DAA9B7 /* UIView+WebCacheOperation.h */ = {isa = PBXFileReference; fileEncoding = 4; lastKnownFileType = sourcecode.c.h; path = "UIView+WebCacheOperation.h"; sourceTree = "<group>"; };
		6144D4B41D5A0DB300DAA9B7 /* UIView+WebCacheOperation.m */ = {isa = PBXFileReference; fileEncoding = 4; lastKnownFileType = sourcecode.c.objc; path = "UIView+WebCacheOperation.m"; sourceTree = "<group>"; };
		6144D4C51D5A0E0300DAA9B7 /* FlickrParty-Bridging-Header.h */ = {isa = PBXFileReference; lastKnownFileType = sourcecode.c.h; path = "FlickrParty-Bridging-Header.h"; sourceTree = "<group>"; };
		6144D4C61D5A17AD00DAA9B7 /* SystemConfiguration.framework */ = {isa = PBXFileReference; lastKnownFileType = wrapper.framework; name = SystemConfiguration.framework; path = System/Library/Frameworks/SystemConfiguration.framework; sourceTree = SDKROOT; };
		6144D4C81D5A1A2D00DAA9B7 /* ModelError.swift */ = {isa = PBXFileReference; fileEncoding = 4; lastKnownFileType = sourcecode.swift; path = ModelError.swift; sourceTree = "<group>"; };
		6144D4CA1D5A284100DAA9B7 /* RefreshCollectionViewCell.swift */ = {isa = PBXFileReference; fileEncoding = 4; lastKnownFileType = sourcecode.swift; path = RefreshCollectionViewCell.swift; sourceTree = "<group>"; };
/* End PBXFileReference section */

/* Begin PBXFrameworksBuildPhase section */
		6144D43C1D5368AE00DAA9B7 /* Frameworks */ = {
			isa = PBXFrameworksBuildPhase;
			buildActionMask = 2147483647;
			files = (
				6144D4C71D5A17AD00DAA9B7 /* SystemConfiguration.framework in Frameworks */,
			);
			runOnlyForDeploymentPostprocessing = 0;
		};
		6144D4501D5368AE00DAA9B7 /* Frameworks */ = {
			isa = PBXFrameworksBuildPhase;
			buildActionMask = 2147483647;
			files = (
			);
			runOnlyForDeploymentPostprocessing = 0;
		};
		6144D45B1D5368AE00DAA9B7 /* Frameworks */ = {
			isa = PBXFrameworksBuildPhase;
			buildActionMask = 2147483647;
			files = (
			);
			runOnlyForDeploymentPostprocessing = 0;
		};
/* End PBXFrameworksBuildPhase section */

/* Begin PBXGroup section */
		6144D4361D5368AE00DAA9B7 = {
			isa = PBXGroup;
			children = (
				6144D4C61D5A17AD00DAA9B7 /* SystemConfiguration.framework */,
				6144D4C51D5A0E0300DAA9B7 /* FlickrParty-Bridging-Header.h */,
				6144D48F1D59E97500DAA9B7 /* Default-568h@2x.png */,
				6144D4411D5368AE00DAA9B7 /* FlickrParty */,
				6144D4561D5368AE00DAA9B7 /* FlickrPartyTests */,
				6144D4611D5368AE00DAA9B7 /* FlickrPartyUITests */,
				6144D4401D5368AE00DAA9B7 /* Products */,
			);
			sourceTree = "<group>";
		};
		6144D4401D5368AE00DAA9B7 /* Products */ = {
			isa = PBXGroup;
			children = (
				6144D43F1D5368AE00DAA9B7 /* FlickrParty.app */,
				6144D4531D5368AE00DAA9B7 /* FlickrPartyTests.xctest */,
				6144D45E1D5368AE00DAA9B7 /* FlickrPartyUITests.xctest */,
			);
			name = Products;
			sourceTree = "<group>";
		};
		6144D4411D5368AE00DAA9B7 /* FlickrParty */ = {
			isa = PBXGroup;
			children = (
				6144D4421D5368AE00DAA9B7 /* AppDelegate.swift */,
				6144D4931D5A0DB300DAA9B7 /* SDWebImage */,
				6144D4491D5368AE00DAA9B7 /* Assets.xcassets */,
				6144D4801D537C5A00DAA9B7 /* model */,
				6144D4721D536B2100DAA9B7 /* controller */,
				6144D48A1D53B8C900DAA9B7 /* views */,
				6144D44E1D5368AE00DAA9B7 /* Info.plist */,
			);
			path = FlickrParty;
			sourceTree = "<group>";
		};
		6144D4561D5368AE00DAA9B7 /* FlickrPartyTests */ = {
			isa = PBXGroup;
			children = (
				6144D4571D5368AE00DAA9B7 /* FlickrPartyTests.swift */,
				6144D4591D5368AE00DAA9B7 /* Info.plist */,
			);
			path = FlickrPartyTests;
			sourceTree = "<group>";
		};
		6144D4611D5368AE00DAA9B7 /* FlickrPartyUITests */ = {
			isa = PBXGroup;
			children = (
				6144D4621D5368AE00DAA9B7 /* FlickrPartyUITests.swift */,
				6144D4641D5368AE00DAA9B7 /* Info.plist */,
			);
			path = FlickrPartyUITests;
			sourceTree = "<group>";
		};
		6144D4721D536B2100DAA9B7 /* controller */ = {
			isa = PBXGroup;
			children = (
				6144D4701D536B1900DAA9B7 /* MainViewController.swift */,
				6144D4731D536C6200DAA9B7 /* DetailViewController.swift */,
			);
			name = controller;
			sourceTree = "<group>";
		};
		6144D4801D537C5A00DAA9B7 /* model */ = {
			isa = PBXGroup;
			children = (
				6144D4831D5384DD00DAA9B7 /* flickr */,
				6144D47E1D537C5700DAA9B7 /* ModelController.swift */,
				6144D4811D537CA900DAA9B7 /* ImageDetail.swift */,
				6144D4C81D5A1A2D00DAA9B7 /* ModelError.swift */,
			);
			name = model;
			sourceTree = "<group>";
		};
		6144D4831D5384DD00DAA9B7 /* flickr */ = {
			isa = PBXGroup;
			children = (
				6144D4841D5384ED00DAA9B7 /* FlickrAPIService.swift */,
			);
			name = flickr;
			sourceTree = "<group>";
		};
		6144D48A1D53B8C900DAA9B7 /* views */ = {
			isa = PBXGroup;
			children = (
				6144D4881D53B8C500DAA9B7 /* ThumbnailCollectionViewCell.swift */,
				6144D4911D59ED3300DAA9B7 /* LoadMoreCollectionViewCell.swift */,
				6144D4CA1D5A284100DAA9B7 /* RefreshCollectionViewCell.swift */,
			);
			name = views;
			sourceTree = "<group>";
		};
		6144D4931D5A0DB300DAA9B7 /* SDWebImage */ = {
			isa = PBXGroup;
			children = (
				6144D4941D5A0DB300DAA9B7 /* MKAnnotationView+WebCache.h */,
				6144D4951D5A0DB300DAA9B7 /* MKAnnotationView+WebCache.m */,
				6144D4961D5A0DB300DAA9B7 /* NSData+ImageContentType.h */,
				6144D4971D5A0DB300DAA9B7 /* NSData+ImageContentType.m */,
				6144D4981D5A0DB300DAA9B7 /* SDImageCache.h */,
				6144D4991D5A0DB300DAA9B7 /* SDImageCache.m */,
				6144D49A1D5A0DB300DAA9B7 /* SDWebImageCompat.h */,
				6144D49B1D5A0DB300DAA9B7 /* SDWebImageCompat.m */,
				6144D49C1D5A0DB300DAA9B7 /* SDWebImageDecoder.h */,
				6144D49D1D5A0DB300DAA9B7 /* SDWebImageDecoder.m */,
				6144D49E1D5A0DB300DAA9B7 /* SDWebImageDownloader.h */,
				6144D49F1D5A0DB300DAA9B7 /* SDWebImageDownloader.m */,
				6144D4A01D5A0DB300DAA9B7 /* SDWebImageDownloaderOperation.h */,
				6144D4A11D5A0DB300DAA9B7 /* SDWebImageDownloaderOperation.m */,
				6144D4A21D5A0DB300DAA9B7 /* SDWebImageManager.h */,
				6144D4A31D5A0DB300DAA9B7 /* SDWebImageManager.m */,
				6144D4A41D5A0DB300DAA9B7 /* SDWebImageOperation.h */,
				6144D4A51D5A0DB300DAA9B7 /* SDWebImagePrefetcher.h */,
				6144D4A61D5A0DB300DAA9B7 /* SDWebImagePrefetcher.m */,
				6144D4A71D5A0DB300DAA9B7 /* UIButton+WebCache.h */,
				6144D4A81D5A0DB300DAA9B7 /* UIButton+WebCache.m */,
				6144D4A91D5A0DB300DAA9B7 /* UIImage+GIF.h */,
				6144D4AA1D5A0DB300DAA9B7 /* UIImage+GIF.m */,
				6144D4AB1D5A0DB300DAA9B7 /* UIImage+MultiFormat.h */,
				6144D4AC1D5A0DB300DAA9B7 /* UIImage+MultiFormat.m */,
				6144D4AD1D5A0DB300DAA9B7 /* UIImage+WebP.h */,
				6144D4AE1D5A0DB300DAA9B7 /* UIImage+WebP.m */,
				6144D4AF1D5A0DB300DAA9B7 /* UIImageView+HighlightedWebCache.h */,
				6144D4B01D5A0DB300DAA9B7 /* UIImageView+HighlightedWebCache.m */,
				6144D4B11D5A0DB300DAA9B7 /* UIImageView+WebCache.h */,
				6144D4B21D5A0DB300DAA9B7 /* UIImageView+WebCache.m */,
				6144D4B31D5A0DB300DAA9B7 /* UIView+WebCacheOperation.h */,
				6144D4B41D5A0DB300DAA9B7 /* UIView+WebCacheOperation.m */,
			);
			path = SDWebImage;
			sourceTree = "<group>";
		};
/* End PBXGroup section */

/* Begin PBXNativeTarget section */
		6144D43E1D5368AE00DAA9B7 /* FlickrParty */ = {
			isa = PBXNativeTarget;
			buildConfigurationList = 6144D4671D5368AE00DAA9B7 /* Build configuration list for PBXNativeTarget "FlickrParty" */;
			buildPhases = (
				6144D43B1D5368AE00DAA9B7 /* Sources */,
				6144D43C1D5368AE00DAA9B7 /* Frameworks */,
				6144D43D1D5368AE00DAA9B7 /* Resources */,
			);
			buildRules = (
			);
			dependencies = (
			);
			name = FlickrParty;
			productName = FlickrParty;
			productReference = 6144D43F1D5368AE00DAA9B7 /* FlickrParty.app */;
			productType = "com.apple.product-type.application";
		};
		6144D4521D5368AE00DAA9B7 /* FlickrPartyTests */ = {
			isa = PBXNativeTarget;
			buildConfigurationList = 6144D46A1D5368AE00DAA9B7 /* Build configuration list for PBXNativeTarget "FlickrPartyTests" */;
			buildPhases = (
				6144D44F1D5368AE00DAA9B7 /* Sources */,
				6144D4501D5368AE00DAA9B7 /* Frameworks */,
				6144D4511D5368AE00DAA9B7 /* Resources */,
			);
			buildRules = (
			);
			dependencies = (
				6144D4551D5368AE00DAA9B7 /* PBXTargetDependency */,
			);
			name = FlickrPartyTests;
			productName = FlickrPartyTests;
			productReference = 6144D4531D5368AE00DAA9B7 /* FlickrPartyTests.xctest */;
			productType = "com.apple.product-type.bundle.unit-test";
		};
		6144D45D1D5368AE00DAA9B7 /* FlickrPartyUITests */ = {
			isa = PBXNativeTarget;
			buildConfigurationList = 6144D46D1D5368AE00DAA9B7 /* Build configuration list for PBXNativeTarget "FlickrPartyUITests" */;
			buildPhases = (
				6144D45A1D5368AE00DAA9B7 /* Sources */,
				6144D45B1D5368AE00DAA9B7 /* Frameworks */,
				6144D45C1D5368AE00DAA9B7 /* Resources */,
			);
			buildRules = (
			);
			dependencies = (
				6144D4601D5368AE00DAA9B7 /* PBXTargetDependency */,
			);
			name = FlickrPartyUITests;
			productName = FlickrPartyUITests;
			productReference = 6144D45E1D5368AE00DAA9B7 /* FlickrPartyUITests.xctest */;
			productType = "com.apple.product-type.bundle.ui-testing";
		};
/* End PBXNativeTarget section */

/* Begin PBXProject section */
		6144D4371D5368AE00DAA9B7 /* Project object */ = {
			isa = PBXProject;
			attributes = {
				LastSwiftUpdateCheck = 0730;
				LastUpgradeCheck = 0730;
				ORGANIZATIONNAME = DeuxLapins;
				TargetAttributes = {
					6144D43E1D5368AE00DAA9B7 = {
						CreatedOnToolsVersion = 7.3.1;
					};
					6144D4521D5368AE00DAA9B7 = {
						CreatedOnToolsVersion = 7.3.1;
						TestTargetID = 6144D43E1D5368AE00DAA9B7;
					};
					6144D45D1D5368AE00DAA9B7 = {
						CreatedOnToolsVersion = 7.3.1;
						TestTargetID = 6144D43E1D5368AE00DAA9B7;
					};
				};
			};
			buildConfigurationList = 6144D43A1D5368AE00DAA9B7 /* Build configuration list for PBXProject "FlickrParty" */;
			compatibilityVersion = "Xcode 3.2";
			developmentRegion = English;
			hasScannedForEncodings = 0;
			knownRegions = (
				en,
				Base,
			);
			mainGroup = 6144D4361D5368AE00DAA9B7;
			productRefGroup = 6144D4401D5368AE00DAA9B7 /* Products */;
			projectDirPath = "";
			projectRoot = "";
			targets = (
				6144D43E1D5368AE00DAA9B7 /* FlickrParty */,
				6144D4521D5368AE00DAA9B7 /* FlickrPartyTests */,
				6144D45D1D5368AE00DAA9B7 /* FlickrPartyUITests */,
			);
		};
/* End PBXProject section */

/* Begin PBXResourcesBuildPhase section */
		6144D43D1D5368AE00DAA9B7 /* Resources */ = {
			isa = PBXResourcesBuildPhase;
			buildActionMask = 2147483647;
			files = (
				6144D44A1D5368AE00DAA9B7 /* Assets.xcassets in Resources */,
				6144D4901D59E97500DAA9B7 /* Default-568h@2x.png in Resources */,
			);
			runOnlyForDeploymentPostprocessing = 0;
		};
		6144D4511D5368AE00DAA9B7 /* Resources */ = {
			isa = PBXResourcesBuildPhase;
			buildActionMask = 2147483647;
			files = (
			);
			runOnlyForDeploymentPostprocessing = 0;
		};
		6144D45C1D5368AE00DAA9B7 /* Resources */ = {
			isa = PBXResourcesBuildPhase;
			buildActionMask = 2147483647;
			files = (
			);
			runOnlyForDeploymentPostprocessing = 0;
		};
/* End PBXResourcesBuildPhase section */

/* Begin PBXSourcesBuildPhase section */
		6144D43B1D5368AE00DAA9B7 /* Sources */ = {
			isa = PBXSourcesBuildPhase;
			buildActionMask = 2147483647;
			files = (
				6144D4B91D5A0DB300DAA9B7 /* SDWebImageDecoder.m in Sources */,
				6144D4BC1D5A0DB300DAA9B7 /* SDWebImageManager.m in Sources */,
				6144D4B61D5A0DB300DAA9B7 /* NSData+ImageContentType.m in Sources */,
				6144D4B81D5A0DB300DAA9B7 /* SDWebImageCompat.m in Sources */,
				6144D4C41D5A0DB300DAA9B7 /* UIView+WebCacheOperation.m in Sources */,
				6144D4C11D5A0DB300DAA9B7 /* UIImage+WebP.m in Sources */,
				6144D4741D536C6200DAA9B7 /* DetailViewController.swift in Sources */,
				6144D4C21D5A0DB300DAA9B7 /* UIImageView+HighlightedWebCache.m in Sources */,
				6144D4CB1D5A284100DAA9B7 /* RefreshCollectionViewCell.swift in Sources */,
				6144D4891D53B8C500DAA9B7 /* ThumbnailCollectionViewCell.swift in Sources */,
				6144D4921D59ED3300DAA9B7 /* LoadMoreCollectionViewCell.swift in Sources */,
				6144D4BE1D5A0DB300DAA9B7 /* UIButton+WebCache.m in Sources */,
				6144D4BD1D5A0DB300DAA9B7 /* SDWebImagePrefetcher.m in Sources */,
				6144D4BB1D5A0DB300DAA9B7 /* SDWebImageDownloaderOperation.m in Sources */,
				6144D47F1D537C5700DAA9B7 /* ModelController.swift in Sources */,
				6144D4431D5368AE00DAA9B7 /* AppDelegate.swift in Sources */,
				6144D4C01D5A0DB300DAA9B7 /* UIImage+MultiFormat.m in Sources */,
				6144D4711D536B1900DAA9B7 /* MainViewController.swift in Sources */,
				6144D4C91D5A1A2D00DAA9B7 /* ModelError.swift in Sources */,
				6144D4B71D5A0DB300DAA9B7 /* SDImageCache.m in Sources */,
				6144D4821D537CA900DAA9B7 /* ImageDetail.swift in Sources */,
				6144D4851D5384ED00DAA9B7 /* FlickrAPIService.swift in Sources */,
				6144D4BF1D5A0DB300DAA9B7 /* UIImage+GIF.m in Sources */,
				6144D4BA1D5A0DB300DAA9B7 /* SDWebImageDownloader.m in Sources */,
				6144D4C31D5A0DB300DAA9B7 /* UIImageView+WebCache.m in Sources */,
				6144D4B51D5A0DB300DAA9B7 /* MKAnnotationView+WebCache.m in Sources */,
			);
			runOnlyForDeploymentPostprocessing = 0;
		};
		6144D44F1D5368AE00DAA9B7 /* Sources */ = {
			isa = PBXSourcesBuildPhase;
			buildActionMask = 2147483647;
			files = (
				6144D4581D5368AE00DAA9B7 /* FlickrPartyTests.swift in Sources */,
			);
			runOnlyForDeploymentPostprocessing = 0;
		};
		6144D45A1D5368AE00DAA9B7 /* Sources */ = {
			isa = PBXSourcesBuildPhase;
			buildActionMask = 2147483647;
			files = (
				6144D4631D5368AE00DAA9B7 /* FlickrPartyUITests.swift in Sources */,
			);
			runOnlyForDeploymentPostprocessing = 0;
		};
/* End PBXSourcesBuildPhase section */

/* Begin PBXTargetDependency section */
		6144D4551D5368AE00DAA9B7 /* PBXTargetDependency */ = {
			isa = PBXTargetDependency;
			target = 6144D43E1D5368AE00DAA9B7 /* FlickrParty */;
			targetProxy = 6144D4541D5368AE00DAA9B7 /* PBXContainerItemProxy */;
		};
		6144D4601D5368AE00DAA9B7 /* PBXTargetDependency */ = {
			isa = PBXTargetDependency;
			target = 6144D43E1D5368AE00DAA9B7 /* FlickrParty */;
			targetProxy = 6144D45F1D5368AE00DAA9B7 /* PBXContainerItemProxy */;
		};
/* End PBXTargetDependency section */

/* Begin XCBuildConfiguration section */
		6144D4651D5368AE00DAA9B7 /* Debug */ = {
			isa = XCBuildConfiguration;
			buildSettings = {
				ALWAYS_SEARCH_USER_PATHS = NO;
				CLANG_ANALYZER_NONNULL = YES;
				CLANG_CXX_LANGUAGE_STANDARD = "gnu++0x";
				CLANG_CXX_LIBRARY = "libc++";
				CLANG_ENABLE_MODULES = YES;
				CLANG_ENABLE_OBJC_ARC = YES;
				CLANG_WARN_BOOL_CONVERSION = YES;
				CLANG_WARN_CONSTANT_CONVERSION = YES;
				CLANG_WARN_DIRECT_OBJC_ISA_USAGE = YES_ERROR;
				CLANG_WARN_EMPTY_BODY = YES;
				CLANG_WARN_ENUM_CONVERSION = YES;
				CLANG_WARN_INT_CONVERSION = YES;
				CLANG_WARN_OBJC_ROOT_CLASS = YES_ERROR;
				CLANG_WARN_UNREACHABLE_CODE = YES;
				CLANG_WARN__DUPLICATE_METHOD_MATCH = YES;
				"CODE_SIGN_IDENTITY[sdk=iphoneos*]" = "iPhone Developer";
				COPY_PHASE_STRIP = NO;
				DEBUG_INFORMATION_FORMAT = dwarf;
				ENABLE_STRICT_OBJC_MSGSEND = YES;
				ENABLE_TESTABILITY = YES;
				GCC_C_LANGUAGE_STANDARD = gnu99;
				GCC_DYNAMIC_NO_PIC = NO;
				GCC_NO_COMMON_BLOCKS = YES;
				GCC_OPTIMIZATION_LEVEL = 0;
				GCC_PREPROCESSOR_DEFINITIONS = (
					"DEBUG=1",
					"$(inherited)",
				);
				GCC_WARN_64_TO_32_BIT_CONVERSION = YES;
				GCC_WARN_ABOUT_RETURN_TYPE = YES_ERROR;
				GCC_WARN_UNDECLARED_SELECTOR = YES;
				GCC_WARN_UNINITIALIZED_AUTOS = YES_AGGRESSIVE;
				GCC_WARN_UNUSED_FUNCTION = YES;
				GCC_WARN_UNUSED_VARIABLE = YES;
				IPHONEOS_DEPLOYMENT_TARGET = 9.3;
				MTL_ENABLE_DEBUG_INFO = YES;
				ONLY_ACTIVE_ARCH = YES;
				SDKROOT = iphoneos;
				SWIFT_OPTIMIZATION_LEVEL = "-Onone";
			};
			name = Debug;
		};
		6144D4661D5368AE00DAA9B7 /* Release */ = {
			isa = XCBuildConfiguration;
			buildSettings = {
				ALWAYS_SEARCH_USER_PATHS = NO;
				CLANG_ANALYZER_NONNULL = YES;
				CLANG_CXX_LANGUAGE_STANDARD = "gnu++0x";
				CLANG_CXX_LIBRARY = "libc++";
				CLANG_ENABLE_MODULES = YES;
				CLANG_ENABLE_OBJC_ARC = YES;
				CLANG_WARN_BOOL_CONVERSION = YES;
				CLANG_WARN_CONSTANT_CONVERSION = YES;
				CLANG_WARN_DIRECT_OBJC_ISA_USAGE = YES_ERROR;
				CLANG_WARN_EMPTY_BODY = YES;
				CLANG_WARN_ENUM_CONVERSION = YES;
				CLANG_WARN_INT_CONVERSION = YES;
				CLANG_WARN_OBJC_ROOT_CLASS = YES_ERROR;
				CLANG_WARN_UNREACHABLE_CODE = YES;
				CLANG_WARN__DUPLICATE_METHOD_MATCH = YES;
				"CODE_SIGN_IDENTITY[sdk=iphoneos*]" = "iPhone Developer";
				COPY_PHASE_STRIP = NO;
				DEBUG_INFORMATION_FORMAT = "dwarf-with-dsym";
				ENABLE_NS_ASSERTIONS = NO;
				ENABLE_STRICT_OBJC_MSGSEND = YES;
				GCC_C_LANGUAGE_STANDARD = gnu99;
				GCC_NO_COMMON_BLOCKS = YES;
				GCC_WARN_64_TO_32_BIT_CONVERSION = YES;
				GCC_WARN_ABOUT_RETURN_TYPE = YES_ERROR;
				GCC_WARN_UNDECLARED_SELECTOR = YES;
				GCC_WARN_UNINITIALIZED_AUTOS = YES_AGGRESSIVE;
				GCC_WARN_UNUSED_FUNCTION = YES;
				GCC_WARN_UNUSED_VARIABLE = YES;
				IPHONEOS_DEPLOYMENT_TARGET = 9.3;
				MTL_ENABLE_DEBUG_INFO = NO;
				SDKROOT = iphoneos;
				VALIDATE_PRODUCT = YES;
			};
			name = Release;
		};
		6144D4681D5368AE00DAA9B7 /* Debug */ = {
			isa = XCBuildConfiguration;
			buildSettings = {
				ASSETCATALOG_COMPILER_APPICON_NAME = AppIcon;
				INFOPLIST_FILE = FlickrParty/Info.plist;
				IPHONEOS_DEPLOYMENT_TARGET = 7.0;
				LD_RUNPATH_SEARCH_PATHS = "$(inherited) @executable_path/Frameworks";
				PRODUCT_BUNDLE_IDENTIFIER = com.deuxlapins.FlickrParty;
				PRODUCT_NAME = "$(TARGET_NAME)";
				SWIFT_OBJC_BRIDGING_HEADER = "FlickrParty-Bridging-Header.h";
			};
			name = Debug;
		};
		6144D4691D5368AE00DAA9B7 /* Release */ = {
			isa = XCBuildConfiguration;
			buildSettings = {
				ASSETCATALOG_COMPILER_APPICON_NAME = AppIcon;
				INFOPLIST_FILE = FlickrParty/Info.plist;
				IPHONEOS_DEPLOYMENT_TARGET = 7.0;
				LD_RUNPATH_SEARCH_PATHS = "$(inherited) @executable_path/Frameworks";
				PRODUCT_BUNDLE_IDENTIFIER = com.deuxlapins.FlickrParty;
				PRODUCT_NAME = "$(TARGET_NAME)";
				SWIFT_OBJC_BRIDGING_HEADER = "FlickrParty-Bridging-Header.h";
			};
			name = Release;
		};
		6144D46B1D5368AE00DAA9B7 /* Debug */ = {
			isa = XCBuildConfiguration;
			buildSettings = {
				BUNDLE_LOADER = "$(TEST_HOST)";
				INFOPLIST_FILE = FlickrPartyTests/Info.plist;
				LD_RUNPATH_SEARCH_PATHS = "$(inherited) @executable_path/Frameworks @loader_path/Frameworks";
				PRODUCT_BUNDLE_IDENTIFIER = com.deuxlapins.FlickrPartyTests;
				PRODUCT_NAME = "$(TARGET_NAME)";
				TEST_HOST = "$(BUILT_PRODUCTS_DIR)/FlickrParty.app/FlickrParty";
			};
			name = Debug;
		};
		6144D46C1D5368AE00DAA9B7 /* Release */ = {
			isa = XCBuildConfiguration;
			buildSettings = {
				BUNDLE_LOADER = "$(TEST_HOST)";
				INFOPLIST_FILE = FlickrPartyTests/Info.plist;
				LD_RUNPATH_SEARCH_PATHS = "$(inherited) @executable_path/Frameworks @loader_path/Frameworks";
				PRODUCT_BUNDLE_IDENTIFIER = com.deuxlapins.FlickrPartyTests;
				PRODUCT_NAME = "$(TARGET_NAME)";
				TEST_HOST = "$(BUILT_PRODUCTS_DIR)/FlickrParty.app/FlickrParty";
			};
			name = Release;
		};
		6144D46E1D5368AE00DAA9B7 /* Debug */ = {
			isa = XCBuildConfiguration;
			buildSettings = {
				INFOPLIST_FILE = FlickrPartyUITests/Info.plist;
				LD_RUNPATH_SEARCH_PATHS = "$(inherited) @executable_path/Frameworks @loader_path/Frameworks";
				PRODUCT_BUNDLE_IDENTIFIER = com.deuxlapins.FlickrPartyUITests;
				PRODUCT_NAME = "$(TARGET_NAME)";
				TEST_TARGET_NAME = FlickrParty;
			};
			name = Debug;
		};
		6144D46F1D5368AE00DAA9B7 /* Release */ = {
			isa = XCBuildConfiguration;
			buildSettings = {
				INFOPLIST_FILE = FlickrPartyUITests/Info.plist;
				LD_RUNPATH_SEARCH_PATHS = "$(inherited) @executable_path/Frameworks @loader_path/Frameworks";
				PRODUCT_BUNDLE_IDENTIFIER = com.deuxlapins.FlickrPartyUITests;
				PRODUCT_NAME = "$(TARGET_NAME)";
				TEST_TARGET_NAME = FlickrParty;
			};
			name = Release;
		};
/* End XCBuildConfiguration section */

/* Begin XCConfigurationList section */
		6144D43A1D5368AE00DAA9B7 /* Build configuration list for PBXProject "FlickrParty" */ = {
			isa = XCConfigurationList;
			buildConfigurations = (
				6144D4651D5368AE00DAA9B7 /* Debug */,
				6144D4661D5368AE00DAA9B7 /* Release */,
			);
			defaultConfigurationIsVisible = 0;
			defaultConfigurationName = Release;
		};
		6144D4671D5368AE00DAA9B7 /* Build configuration list for PBXNativeTarget "FlickrParty" */ = {
			isa = XCConfigurationList;
			buildConfigurations = (
				6144D4681D5368AE00DAA9B7 /* Debug */,
				6144D4691D5368AE00DAA9B7 /* Release */,
			);
			defaultConfigurationIsVisible = 0;
		};
		6144D46A1D5368AE00DAA9B7 /* Build configuration list for PBXNativeTarget "FlickrPartyTests" */ = {
			isa = XCConfigurationList;
			buildConfigurations = (
				6144D46B1D5368AE00DAA9B7 /* Debug */,
				6144D46C1D5368AE00DAA9B7 /* Release */,
			);
			defaultConfigurationIsVisible = 0;
		};
		6144D46D1D5368AE00DAA9B7 /* Build configuration list for PBXNativeTarget "FlickrPartyUITests" */ = {
			isa = XCConfigurationList;
			buildConfigurations = (
				6144D46E1D5368AE00DAA9B7 /* Debug */,
				6144D46F1D5368AE00DAA9B7 /* Release */,
			);
			defaultConfigurationIsVisible = 0;
		};
/* End XCConfigurationList section */
	};
	rootObject = 6144D4371D5368AE00DAA9B7 /* Project object */;
}
